// !$*UTF8*$!
{
	archiveVersion = 1;
	classes = {
	};
	objectVersion = 46;
	objects = {

/* Begin PBXBuildFile section */
		1D60589B0D05DD56006BFB54 /* main.m in Sources */ = {isa = PBXBuildFile; fileRef = 29B97316FDCFA39411CA2CEA /* main.m */; };
		1D60589F0D05DD5A006BFB54 /* Foundation.framework in Frameworks */ = {isa = PBXBuildFile; fileRef = 1D30AB110D05D00D00671497 /* Foundation.framework */; };
		1DF5F4E00D08C38300B7A737 /* UIKit.framework in Frameworks */ = {isa = PBXBuildFile; fileRef = 1DF5F4DF0D08C38300B7A737 /* UIKit.framework */; };
		288765FD0DF74451002DB57D /* CoreGraphics.framework in Frameworks */ = {isa = PBXBuildFile; fileRef = 288765FC0DF74451002DB57D /* CoreGraphics.framework */; };
		450A670411D27B9D00014BF5 /* QuartzCore.framework in Frameworks */ = {isa = PBXBuildFile; fileRef = 450A670311D27B9D00014BF5 /* QuartzCore.framework */; };
		4513ACFB19C4A1FB004916D1 /* AppIcon-180.png in Resources */ = {isa = PBXBuildFile; fileRef = 4513ACFA19C4A1FB004916D1 /* AppIcon-180.png */; };
		4521AB3F19C5EE6000B16688 /* Reader-Export.png in Resources */ = {isa = PBXBuildFile; fileRef = 4521AB3D19C5EE6000B16688 /* Reader-Export.png */; };
		4521AB4019C5EE6000B16688 /* Reader-Export@2x.png in Resources */ = {isa = PBXBuildFile; fileRef = 4521AB3E19C5EE6000B16688 /* Reader-Export@2x.png */; };
		4524A6EE1C500F2F00D7DF7F /* AppIcon-167.png in Resources */ = {isa = PBXBuildFile; fileRef = 4524A6ED1C500F2F00D7DF7F /* AppIcon-167.png */; };
		4524A6F01C5011D700D7DF7F /* Reader-App.storyboard in Resources */ = {isa = PBXBuildFile; fileRef = 4524A6EF1C5011D700D7DF7F /* Reader-App.storyboard */; };
		4541A9D8122EA716001A5E60 /* Localizable.strings in Resources */ = {isa = PBXBuildFile; fileRef = 4541A9D7122EA716001A5E60 /* Localizable.strings */; };
		4544394817FDD5E700781873 /* AppIcon-076.png in Resources */ = {isa = PBXBuildFile; fileRef = 4544394517FDD5E700781873 /* AppIcon-076.png */; };
		4544394917FDD5E700781873 /* AppIcon-120.png in Resources */ = {isa = PBXBuildFile; fileRef = 4544394617FDD5E700781873 /* AppIcon-120.png */; };
		4544394A17FDD5E700781873 /* AppIcon-152.png in Resources */ = {isa = PBXBuildFile; fileRef = 4544394717FDD5E700781873 /* AppIcon-152.png */; };
		4555C74C14211A00005F448D /* ReaderBookDelegate.m in Sources */ = {isa = PBXBuildFile; fileRef = 4555C74B14211A00005F448D /* ReaderBookDelegate.m */; };
		455C7891142687CA0053D73B /* UIXToolbarView.m in Sources */ = {isa = PBXBuildFile; fileRef = 455C7890142687CA0053D73B /* UIXToolbarView.m */; };
		455C789D14268F6A0053D73B /* Reader-Button-H.png in Resources */ = {isa = PBXBuildFile; fileRef = 455C789914268F6A0053D73B /* Reader-Button-H.png */; };
		455C789E14268F6A0053D73B /* Reader-Button-H@2x.png in Resources */ = {isa = PBXBuildFile; fileRef = 455C789A14268F6A0053D73B /* Reader-Button-H@2x.png */; };
		455C789F14268F6A0053D73B /* Reader-Button-N.png in Resources */ = {isa = PBXBuildFile; fileRef = 455C789B14268F6A0053D73B /* Reader-Button-N.png */; };
		455C78A014268F6A0053D73B /* Reader-Button-N@2x.png in Resources */ = {isa = PBXBuildFile; fileRef = 455C789C14268F6A0053D73B /* Reader-Button-N@2x.png */; };
		458DDFD7140D45FA00C5DA94 /* ImageIO.framework in Frameworks */ = {isa = PBXBuildFile; fileRef = 458DDFD6140D45FA00C5DA94 /* ImageIO.framework */; };
		45AB72C9141FBFCA003524C3 /* Reader-Email.png in Resources */ = {isa = PBXBuildFile; fileRef = 45AB72BC141FBFCA003524C3 /* Reader-Email.png */; };
		45AB72CA141FBFCA003524C3 /* Reader-Email@2x.png in Resources */ = {isa = PBXBuildFile; fileRef = 45AB72BD141FBFCA003524C3 /* Reader-Email@2x.png */; };
		45AB72CB141FBFCA003524C3 /* Reader-Mark-N.png in Resources */ = {isa = PBXBuildFile; fileRef = 45AB72BE141FBFCA003524C3 /* Reader-Mark-N.png */; };
		45AB72CC141FBFCA003524C3 /* Reader-Mark-N@2x.png in Resources */ = {isa = PBXBuildFile; fileRef = 45AB72BF141FBFCA003524C3 /* Reader-Mark-N@2x.png */; };
		45AB72CD141FBFCA003524C3 /* Reader-Mark-Y.png in Resources */ = {isa = PBXBuildFile; fileRef = 45AB72C0141FBFCA003524C3 /* Reader-Mark-Y.png */; };
		45AB72CE141FBFCA003524C3 /* Reader-Mark-Y@2x.png in Resources */ = {isa = PBXBuildFile; fileRef = 45AB72C1141FBFCA003524C3 /* Reader-Mark-Y@2x.png */; };
		45AB72CF141FBFCA003524C3 /* Reader-Print.png in Resources */ = {isa = PBXBuildFile; fileRef = 45AB72C2141FBFCA003524C3 /* Reader-Print.png */; };
		45AB72D0141FBFCA003524C3 /* Reader-Print@2x.png in Resources */ = {isa = PBXBuildFile; fileRef = 45AB72C3141FBFCA003524C3 /* Reader-Print@2x.png */; };
		45AB72D1141FBFCA003524C3 /* Reader-Thumbs.png in Resources */ = {isa = PBXBuildFile; fileRef = 45AB72C4141FBFCA003524C3 /* Reader-Thumbs.png */; };
		45AB72D2141FBFCA003524C3 /* Reader-Thumbs@2x.png in Resources */ = {isa = PBXBuildFile; fileRef = 45AB72C5141FBFCA003524C3 /* Reader-Thumbs@2x.png */; };
		45AB72DC141FC039003524C3 /* Reader.pdf in Resources */ = {isa = PBXBuildFile; fileRef = 45AB72DB141FC039003524C3 /* Reader.pdf */; };
		45AB72EB141FC0A2003524C3 /* ReaderAppDelegate.m in Sources */ = {isa = PBXBuildFile; fileRef = 45AB72E8141FC0A2003524C3 /* ReaderAppDelegate.m */; };
		45AB72EC141FC0A2003524C3 /* ReaderDemoController.m in Sources */ = {isa = PBXBuildFile; fileRef = 45AB72EA141FC0A2003524C3 /* ReaderDemoController.m */; };
		45AB7313141FC0B1003524C3 /* CGPDFDocument.m in Sources */ = {isa = PBXBuildFile; fileRef = 45AB72EE141FC0B1003524C3 /* CGPDFDocument.m */; };
		45AB7314141FC0B1003524C3 /* ReaderConstants.m in Sources */ = {isa = PBXBuildFile; fileRef = 45AB72F0141FC0B1003524C3 /* ReaderConstants.m */; };
		45AB7315141FC0B1003524C3 /* ReaderContentPage.m in Sources */ = {isa = PBXBuildFile; fileRef = 45AB72F2141FC0B1003524C3 /* ReaderContentPage.m */; };
		45AB7316141FC0B1003524C3 /* ReaderContentTile.m in Sources */ = {isa = PBXBuildFile; fileRef = 45AB72F4141FC0B1003524C3 /* ReaderContentTile.m */; };
		45AB7317141FC0B1003524C3 /* ReaderContentView.m in Sources */ = {isa = PBXBuildFile; fileRef = 45AB72F6141FC0B1003524C3 /* ReaderContentView.m */; };
		45AB7318141FC0B1003524C3 /* ReaderDocument.m in Sources */ = {isa = PBXBuildFile; fileRef = 45AB72F8141FC0B1003524C3 /* ReaderDocument.m */; };
		45AB7319141FC0B1003524C3 /* ReaderMainPagebar.m in Sources */ = {isa = PBXBuildFile; fileRef = 45AB72FA141FC0B1003524C3 /* ReaderMainPagebar.m */; };
		45AB731A141FC0B1003524C3 /* ReaderMainToolbar.m in Sources */ = {isa = PBXBuildFile; fileRef = 45AB72FC141FC0B1003524C3 /* ReaderMainToolbar.m */; };
		45AB731C141FC0B1003524C3 /* ReaderThumbCache.m in Sources */ = {isa = PBXBuildFile; fileRef = 45AB7300141FC0B1003524C3 /* ReaderThumbCache.m */; };
		45AB731D141FC0B1003524C3 /* ReaderThumbFetch.m in Sources */ = {isa = PBXBuildFile; fileRef = 45AB7302141FC0B1003524C3 /* ReaderThumbFetch.m */; };
		45AB731E141FC0B1003524C3 /* ReaderThumbQueue.m in Sources */ = {isa = PBXBuildFile; fileRef = 45AB7304141FC0B1003524C3 /* ReaderThumbQueue.m */; };
		45AB731F141FC0B1003524C3 /* ReaderThumbRender.m in Sources */ = {isa = PBXBuildFile; fileRef = 45AB7306141FC0B1003524C3 /* ReaderThumbRender.m */; };
		45AB7320141FC0B1003524C3 /* ReaderThumbRequest.m in Sources */ = {isa = PBXBuildFile; fileRef = 45AB7308141FC0B1003524C3 /* ReaderThumbRequest.m */; };
		45AB7321141FC0B1003524C3 /* ReaderThumbsView.m in Sources */ = {isa = PBXBuildFile; fileRef = 45AB730A141FC0B1003524C3 /* ReaderThumbsView.m */; };
		45AB7322141FC0B1003524C3 /* ReaderThumbView.m in Sources */ = {isa = PBXBuildFile; fileRef = 45AB730C141FC0B1003524C3 /* ReaderThumbView.m */; };
		45AB7323141FC0B1003524C3 /* ReaderViewController.m in Sources */ = {isa = PBXBuildFile; fileRef = 45AB730E141FC0B1003524C3 /* ReaderViewController.m */; };
		45AB7324141FC0B1003524C3 /* ThumbsMainToolbar.m in Sources */ = {isa = PBXBuildFile; fileRef = 45AB7310141FC0B1003524C3 /* ThumbsMainToolbar.m */; };
		45AB7325141FC0B1003524C3 /* ThumbsViewController.m in Sources */ = {isa = PBXBuildFile; fileRef = 45AB7312141FC0B1003524C3 /* ThumbsViewController.m */; };
		45BD5AFE13AE721A00D6FE97 /* MessageUI.framework in Frameworks */ = {isa = PBXBuildFile; fileRef = 45BD5AFD13AE721A00D6FE97 /* MessageUI.framework */; };
		45D5ADA31610EADD00706B9A /* ReaderDocumentOutline.m in Sources */ = {isa = PBXBuildFile; fileRef = 45D5ADA21610EADC00706B9A /* ReaderDocumentOutline.m */; };
		45D984371C501B0300ADFD5E /* Reader-Button-H@3x.png in Resources */ = {isa = PBXBuildFile; fileRef = 45D9842F1C501B0300ADFD5E /* Reader-Button-H@3x.png */; };
		45D984381C501B0300ADFD5E /* Reader-Button-N@3x.png in Resources */ = {isa = PBXBuildFile; fileRef = 45D984301C501B0300ADFD5E /* Reader-Button-N@3x.png */; };
		45D984391C501B0300ADFD5E /* Reader-Email@3x.png in Resources */ = {isa = PBXBuildFile; fileRef = 45D984311C501B0300ADFD5E /* Reader-Email@3x.png */; };
		45D9843A1C501B0300ADFD5E /* Reader-Export@3x.png in Resources */ = {isa = PBXBuildFile; fileRef = 45D984321C501B0300ADFD5E /* Reader-Export@3x.png */; };
		45D9843B1C501B0300ADFD5E /* Reader-Mark-N@3x.png in Resources */ = {isa = PBXBuildFile; fileRef = 45D984331C501B0300ADFD5E /* Reader-Mark-N@3x.png */; };
		45D9843C1C501B0300ADFD5E /* Reader-Mark-Y@3x.png in Resources */ = {isa = PBXBuildFile; fileRef = 45D984341C501B0300ADFD5E /* Reader-Mark-Y@3x.png */; };
		45D9843D1C501B0300ADFD5E /* Reader-Print@3x.png in Resources */ = {isa = PBXBuildFile; fileRef = 45D984351C501B0300ADFD5E /* Reader-Print@3x.png */; };
		45D9843E1C501B0300ADFD5E /* Reader-Thumbs@3x.png in Resources */ = {isa = PBXBuildFile; fileRef = 45D984361C501B0300ADFD5E /* Reader-Thumbs@3x.png */; };
		BB5132251E68368E002E8CF9 /* ReaderConstants.m in Sources */ = {isa = PBXBuildFile; fileRef = 45AB72F0141FC0B1003524C3 /* ReaderConstants.m */; };
		BB5132261E68368E002E8CF9 /* ReaderDocument.m in Sources */ = {isa = PBXBuildFile; fileRef = 45AB72F8141FC0B1003524C3 /* ReaderDocument.m */; };
		BB5132271E68368E002E8CF9 /* ReaderViewController.m in Sources */ = {isa = PBXBuildFile; fileRef = 45AB730E141FC0B1003524C3 /* ReaderViewController.m */; };
		BB5132281E68368E002E8CF9 /* ReaderMainToolbar.m in Sources */ = {isa = PBXBuildFile; fileRef = 45AB72FC141FC0B1003524C3 /* ReaderMainToolbar.m */; };
		BB5132291E68368E002E8CF9 /* ReaderMainPagebar.m in Sources */ = {isa = PBXBuildFile; fileRef = 45AB72FA141FC0B1003524C3 /* ReaderMainPagebar.m */; };
		BB51322A1E68368E002E8CF9 /* ReaderContentView.m in Sources */ = {isa = PBXBuildFile; fileRef = 45AB72F6141FC0B1003524C3 /* ReaderContentView.m */; };
		BB51322B1E68368E002E8CF9 /* ReaderContentPage.m in Sources */ = {isa = PBXBuildFile; fileRef = 45AB72F2141FC0B1003524C3 /* ReaderContentPage.m */; };
		BB51322C1E68368E002E8CF9 /* ReaderContentTile.m in Sources */ = {isa = PBXBuildFile; fileRef = 45AB72F4141FC0B1003524C3 /* ReaderContentTile.m */; };
		BB51322D1E68368E002E8CF9 /* ThumbsViewController.m in Sources */ = {isa = PBXBuildFile; fileRef = 45AB7312141FC0B1003524C3 /* ThumbsViewController.m */; };
		BB51322E1E68368E002E8CF9 /* ThumbsMainToolbar.m in Sources */ = {isa = PBXBuildFile; fileRef = 45AB7310141FC0B1003524C3 /* ThumbsMainToolbar.m */; };
		BB51322F1E68368E002E8CF9 /* CGPDFDocument.m in Sources */ = {isa = PBXBuildFile; fileRef = 45AB72EE141FC0B1003524C3 /* CGPDFDocument.m */; };
		BB5132301E68368E002E8CF9 /* ReaderDocumentOutline.m in Sources */ = {isa = PBXBuildFile; fileRef = 45D5ADA21610EADC00706B9A /* ReaderDocumentOutline.m */; };
		BB5132311E68368E002E8CF9 /* ReaderThumbRequest.m in Sources */ = {isa = PBXBuildFile; fileRef = 45AB7308141FC0B1003524C3 /* ReaderThumbRequest.m */; };
		BB5132321E68368E002E8CF9 /* ReaderThumbCache.m in Sources */ = {isa = PBXBuildFile; fileRef = 45AB7300141FC0B1003524C3 /* ReaderThumbCache.m */; };
		BB5132331E68368E002E8CF9 /* ReaderThumbQueue.m in Sources */ = {isa = PBXBuildFile; fileRef = 45AB7304141FC0B1003524C3 /* ReaderThumbQueue.m */; };
		BB5132341E68368E002E8CF9 /* ReaderThumbFetch.m in Sources */ = {isa = PBXBuildFile; fileRef = 45AB7302141FC0B1003524C3 /* ReaderThumbFetch.m */; };
		BB5132351E68368E002E8CF9 /* ReaderThumbRender.m in Sources */ = {isa = PBXBuildFile; fileRef = 45AB7306141FC0B1003524C3 /* ReaderThumbRender.m */; };
		BB5132361E68368E002E8CF9 /* ReaderThumbsView.m in Sources */ = {isa = PBXBuildFile; fileRef = 45AB730A141FC0B1003524C3 /* ReaderThumbsView.m */; };
		BB5132371E68368E002E8CF9 /* ReaderThumbView.m in Sources */ = {isa = PBXBuildFile; fileRef = 45AB730C141FC0B1003524C3 /* ReaderThumbView.m */; };
		BB5132381E68368E002E8CF9 /* UIXToolbarView.m in Sources */ = {isa = PBXBuildFile; fileRef = 455C7890142687CA0053D73B /* UIXToolbarView.m */; };
		BB51323A1E6836F4002E8CF9 /* ReaderConstants.h in Headers */ = {isa = PBXBuildFile; fileRef = 45AB72EF141FC0B1003524C3 /* ReaderConstants.h */; };
		BB51323B1E6836F4002E8CF9 /* ReaderDocument.h in Headers */ = {isa = PBXBuildFile; fileRef = 45AB72F7141FC0B1003524C3 /* ReaderDocument.h */; settings = {ATTRIBUTES = (Public, ); }; };
		BB51323C1E6836F4002E8CF9 /* ReaderViewController.h in Headers */ = {isa = PBXBuildFile; fileRef = 45AB730D141FC0B1003524C3 /* ReaderViewController.h */; settings = {ATTRIBUTES = (Public, ); }; };
		BB51323D1E6836F4002E8CF9 /* ReaderMainToolbar.h in Headers */ = {isa = PBXBuildFile; fileRef = 45AB72FB141FC0B1003524C3 /* ReaderMainToolbar.h */; };
		BB51323E1E6836F4002E8CF9 /* ReaderMainPagebar.h in Headers */ = {isa = PBXBuildFile; fileRef = 45AB72F9141FC0B1003524C3 /* ReaderMainPagebar.h */; };
		BB51323F1E6836F4002E8CF9 /* ReaderContentView.h in Headers */ = {isa = PBXBuildFile; fileRef = 45AB72F5141FC0B1003524C3 /* ReaderContentView.h */; };
		BB5132401E6836F4002E8CF9 /* ReaderContentPage.h in Headers */ = {isa = PBXBuildFile; fileRef = 45AB72F1141FC0B1003524C3 /* ReaderContentPage.h */; };
		BB5132411E6836F4002E8CF9 /* ReaderContentTile.h in Headers */ = {isa = PBXBuildFile; fileRef = 45AB72F3141FC0B1003524C3 /* ReaderContentTile.h */; };
		BB5132421E6836F4002E8CF9 /* ThumbsViewController.h in Headers */ = {isa = PBXBuildFile; fileRef = 45AB7311141FC0B1003524C3 /* ThumbsViewController.h */; };
		BB5132431E6836F4002E8CF9 /* ThumbsMainToolbar.h in Headers */ = {isa = PBXBuildFile; fileRef = 45AB730F141FC0B1003524C3 /* ThumbsMainToolbar.h */; };
		BB5132441E6836F4002E8CF9 /* CGPDFDocument.h in Headers */ = {isa = PBXBuildFile; fileRef = 45AB72ED141FC0B1003524C3 /* CGPDFDocument.h */; };
		BB5132451E6836F4002E8CF9 /* ReaderDocumentOutline.h in Headers */ = {isa = PBXBuildFile; fileRef = 45D5ADA11610EADC00706B9A /* ReaderDocumentOutline.h */; };
		BB5132461E6836F4002E8CF9 /* ReaderThumbRequest.h in Headers */ = {isa = PBXBuildFile; fileRef = 45AB7307141FC0B1003524C3 /* ReaderThumbRequest.h */; };
		BB5132471E6836F4002E8CF9 /* ReaderThumbCache.h in Headers */ = {isa = PBXBuildFile; fileRef = 45AB72FF141FC0B1003524C3 /* ReaderThumbCache.h */; };
		BB5132481E6836F4002E8CF9 /* ReaderThumbQueue.h in Headers */ = {isa = PBXBuildFile; fileRef = 45AB7303141FC0B1003524C3 /* ReaderThumbQueue.h */; };
		BB5132491E6836F4002E8CF9 /* ReaderThumbFetch.h in Headers */ = {isa = PBXBuildFile; fileRef = 45AB7301141FC0B1003524C3 /* ReaderThumbFetch.h */; };
		BB51324A1E6836F4002E8CF9 /* ReaderThumbRender.h in Headers */ = {isa = PBXBuildFile; fileRef = 45AB7305141FC0B1003524C3 /* ReaderThumbRender.h */; };
		BB51324B1E6836F4002E8CF9 /* ReaderThumbsView.h in Headers */ = {isa = PBXBuildFile; fileRef = 45AB7309141FC0B1003524C3 /* ReaderThumbsView.h */; };
		BB51324C1E6836F4002E8CF9 /* ReaderThumbView.h in Headers */ = {isa = PBXBuildFile; fileRef = 45AB730B141FC0B1003524C3 /* ReaderThumbView.h */; };
		BB51324D1E6836F4002E8CF9 /* UIXToolbarView.h in Headers */ = {isa = PBXBuildFile; fileRef = 455C788F142687CA0053D73B /* UIXToolbarView.h */; };
		BBDF8AF31E936F31002CAF1D /* Adele.pdf in Resources */ = {isa = PBXBuildFile; fileRef = BBDF8AF21E936F31002CAF1D /* Adele.pdf */; };
/* End PBXBuildFile section */

/* Begin PBXCopyFilesBuildPhase section */
		BB5132191E68364E002E8CF9 /* CopyFiles */ = {
			isa = PBXCopyFilesBuildPhase;
			buildActionMask = 2147483647;
			dstPath = "include/$(PRODUCT_NAME)";
			dstSubfolderSpec = 16;
			files = (
			);
			runOnlyForDeploymentPostprocessing = 0;
		};
/* End PBXCopyFilesBuildPhase section */

/* Begin PBXFileReference section */
		1D30AB110D05D00D00671497 /* Foundation.framework */ = {isa = PBXFileReference; lastKnownFileType = wrapper.framework; name = Foundation.framework; path = System/Library/Frameworks/Foundation.framework; sourceTree = SDKROOT; };
		1D6058910D05DD3D006BFB54 /* Reader.app */ = {isa = PBXFileReference; explicitFileType = wrapper.application; includeInIndex = 0; path = Reader.app; sourceTree = BUILT_PRODUCTS_DIR; };
		1DF5F4DF0D08C38300B7A737 /* UIKit.framework */ = {isa = PBXFileReference; lastKnownFileType = wrapper.framework; name = UIKit.framework; path = System/Library/Frameworks/UIKit.framework; sourceTree = SDKROOT; };
		288765FC0DF74451002DB57D /* CoreGraphics.framework */ = {isa = PBXFileReference; lastKnownFileType = wrapper.framework; name = CoreGraphics.framework; path = System/Library/Frameworks/CoreGraphics.framework; sourceTree = SDKROOT; };
		29B97316FDCFA39411CA2CEA /* main.m */ = {isa = PBXFileReference; fileEncoding = 4; lastKnownFileType = sourcecode.c.objc; path = main.m; sourceTree = "<group>"; };
		32CA4F630368D1EE00C91783 /* Reader-Prefix.pch */ = {isa = PBXFileReference; fileEncoding = 4; lastKnownFileType = sourcecode.c.h; path = "Reader-Prefix.pch"; sourceTree = "<group>"; };
		450A670311D27B9D00014BF5 /* QuartzCore.framework */ = {isa = PBXFileReference; lastKnownFileType = wrapper.framework; name = QuartzCore.framework; path = System/Library/Frameworks/QuartzCore.framework; sourceTree = SDKROOT; };
		4513ACFA19C4A1FB004916D1 /* AppIcon-180.png */ = {isa = PBXFileReference; lastKnownFileType = image.png; name = "AppIcon-180.png"; path = "Graphics/AppIcon-180.png"; sourceTree = "<group>"; };
		4513ACFC19C4A636004916D1 /* Todo.txt */ = {isa = PBXFileReference; fileEncoding = 4; lastKnownFileType = text; path = Todo.txt; sourceTree = "<group>"; };
		4521AB3D19C5EE6000B16688 /* Reader-Export.png */ = {isa = PBXFileReference; lastKnownFileType = image.png; name = "Reader-Export.png"; path = "Graphics/Reader-Export.png"; sourceTree = "<group>"; };
		4521AB3E19C5EE6000B16688 /* Reader-Export@2x.png */ = {isa = PBXFileReference; lastKnownFileType = image.png; name = "Reader-Export@2x.png"; path = "Graphics/Reader-Export@2x.png"; sourceTree = "<group>"; };
		4524A6ED1C500F2F00D7DF7F /* AppIcon-167.png */ = {isa = PBXFileReference; lastKnownFileType = image.png; name = "AppIcon-167.png"; path = "Graphics/AppIcon-167.png"; sourceTree = "<group>"; };
		4524A6EF1C5011D700D7DF7F /* Reader-App.storyboard */ = {isa = PBXFileReference; fileEncoding = 4; lastKnownFileType = file.storyboard; name = "Reader-App.storyboard"; path = "Resources/Reader-App.storyboard"; sourceTree = "<group>"; };
		4541A9D5122EA686001A5E60 /* en */ = {isa = PBXFileReference; fileEncoding = 10; indentWidth = 4; lastKnownFileType = text.plist.strings; name = en; path = Resources/en.lproj/Localizable.strings; sourceTree = "<group>"; tabWidth = 4; };
		4544394517FDD5E700781873 /* AppIcon-076.png */ = {isa = PBXFileReference; lastKnownFileType = image.png; name = "AppIcon-076.png"; path = "Graphics/AppIcon-076.png"; sourceTree = "<group>"; };
		4544394617FDD5E700781873 /* AppIcon-120.png */ = {isa = PBXFileReference; lastKnownFileType = image.png; name = "AppIcon-120.png"; path = "Graphics/AppIcon-120.png"; sourceTree = "<group>"; };
		4544394717FDD5E700781873 /* AppIcon-152.png */ = {isa = PBXFileReference; lastKnownFileType = image.png; name = "AppIcon-152.png"; path = "Graphics/AppIcon-152.png"; sourceTree = "<group>"; };
		4555C74A14211A00005F448D /* ReaderBookDelegate.h */ = {isa = PBXFileReference; fileEncoding = 4; lastKnownFileType = sourcecode.c.h; path = ReaderBookDelegate.h; sourceTree = "<group>"; };
		4555C74B14211A00005F448D /* ReaderBookDelegate.m */ = {isa = PBXFileReference; fileEncoding = 4; lastKnownFileType = sourcecode.c.objc; path = ReaderBookDelegate.m; sourceTree = "<group>"; };
		455C788F142687CA0053D73B /* UIXToolbarView.h */ = {isa = PBXFileReference; fileEncoding = 4; lastKnownFileType = sourcecode.c.h; name = UIXToolbarView.h; path = Sources/UIXToolbarView.h; sourceTree = "<group>"; };
		455C7890142687CA0053D73B /* UIXToolbarView.m */ = {isa = PBXFileReference; fileEncoding = 4; lastKnownFileType = sourcecode.c.objc; name = UIXToolbarView.m; path = Sources/UIXToolbarView.m; sourceTree = "<group>"; };
		455C789914268F6A0053D73B /* Reader-Button-H.png */ = {isa = PBXFileReference; lastKnownFileType = image.png; name = "Reader-Button-H.png"; path = "Graphics/Reader-Button-H.png"; sourceTree = "<group>"; };
		455C789A14268F6A0053D73B /* Reader-Button-H@2x.png */ = {isa = PBXFileReference; lastKnownFileType = image.png; name = "Reader-Button-H@2x.png"; path = "Graphics/Reader-Button-H@2x.png"; sourceTree = "<group>"; };
		455C789B14268F6A0053D73B /* Reader-Button-N.png */ = {isa = PBXFileReference; lastKnownFileType = image.png; name = "Reader-Button-N.png"; path = "Graphics/Reader-Button-N.png"; sourceTree = "<group>"; };
		455C789C14268F6A0053D73B /* Reader-Button-N@2x.png */ = {isa = PBXFileReference; lastKnownFileType = image.png; name = "Reader-Button-N@2x.png"; path = "Graphics/Reader-Button-N@2x.png"; sourceTree = "<group>"; };
		458BF155143E077500CDF567 /* de */ = {isa = PBXFileReference; lastKnownFileType = text.plist.strings; name = de; path = Resources/de.lproj/Localizable.strings; sourceTree = "<group>"; };
		458DDFD6140D45FA00C5DA94 /* ImageIO.framework */ = {isa = PBXFileReference; lastKnownFileType = wrapper.framework; name = ImageIO.framework; path = System/Library/Frameworks/ImageIO.framework; sourceTree = SDKROOT; };
		458F25911AC1D417000716F1 /* fr */ = {isa = PBXFileReference; lastKnownFileType = text.plist.strings; name = fr; path = Resources/fr.lproj/Localizable.strings; sourceTree = "<group>"; };
		458F25921AC1D425000716F1 /* es */ = {isa = PBXFileReference; lastKnownFileType = text.plist.strings; name = es; path = Resources/es.lproj/Localizable.strings; sourceTree = "<group>"; };
		45AB72BC141FBFCA003524C3 /* Reader-Email.png */ = {isa = PBXFileReference; lastKnownFileType = image.png; name = "Reader-Email.png"; path = "Graphics/Reader-Email.png"; sourceTree = "<group>"; };
		45AB72BD141FBFCA003524C3 /* Reader-Email@2x.png */ = {isa = PBXFileReference; lastKnownFileType = image.png; name = "Reader-Email@2x.png"; path = "Graphics/Reader-Email@2x.png"; sourceTree = "<group>"; };
		45AB72BE141FBFCA003524C3 /* Reader-Mark-N.png */ = {isa = PBXFileReference; lastKnownFileType = image.png; name = "Reader-Mark-N.png"; path = "Graphics/Reader-Mark-N.png"; sourceTree = "<group>"; };
		45AB72BF141FBFCA003524C3 /* Reader-Mark-N@2x.png */ = {isa = PBXFileReference; lastKnownFileType = image.png; name = "Reader-Mark-N@2x.png"; path = "Graphics/Reader-Mark-N@2x.png"; sourceTree = "<group>"; };
		45AB72C0141FBFCA003524C3 /* Reader-Mark-Y.png */ = {isa = PBXFileReference; lastKnownFileType = image.png; name = "Reader-Mark-Y.png"; path = "Graphics/Reader-Mark-Y.png"; sourceTree = "<group>"; };
		45AB72C1141FBFCA003524C3 /* Reader-Mark-Y@2x.png */ = {isa = PBXFileReference; lastKnownFileType = image.png; name = "Reader-Mark-Y@2x.png"; path = "Graphics/Reader-Mark-Y@2x.png"; sourceTree = "<group>"; };
		45AB72C2141FBFCA003524C3 /* Reader-Print.png */ = {isa = PBXFileReference; lastKnownFileType = image.png; name = "Reader-Print.png"; path = "Graphics/Reader-Print.png"; sourceTree = "<group>"; };
		45AB72C3141FBFCA003524C3 /* Reader-Print@2x.png */ = {isa = PBXFileReference; lastKnownFileType = image.png; name = "Reader-Print@2x.png"; path = "Graphics/Reader-Print@2x.png"; sourceTree = "<group>"; };
		45AB72C4141FBFCA003524C3 /* Reader-Thumbs.png */ = {isa = PBXFileReference; lastKnownFileType = image.png; name = "Reader-Thumbs.png"; path = "Graphics/Reader-Thumbs.png"; sourceTree = "<group>"; };
		45AB72C5141FBFCA003524C3 /* Reader-Thumbs@2x.png */ = {isa = PBXFileReference; lastKnownFileType = image.png; name = "Reader-Thumbs@2x.png"; path = "Graphics/Reader-Thumbs@2x.png"; sourceTree = "<group>"; };
		45AB72DB141FC039003524C3 /* Reader.pdf */ = {isa = PBXFileReference; lastKnownFileType = image.pdf; name = Reader.pdf; path = Resources/Reader.pdf; sourceTree = "<group>"; };
		45AB72DD141FC043003524C3 /* LICENSE.md */ = {isa = PBXFileReference; fileEncoding = 4; indentWidth = 8; lastKnownFileType = text; path = LICENSE.md; sourceTree = "<group>"; tabWidth = 8; };
		45AB72DF141FC04B003524C3 /* README.md */ = {isa = PBXFileReference; fileEncoding = 4; indentWidth = 8; lastKnownFileType = text; path = README.md; sourceTree = "<group>"; tabWidth = 8; };
		45AB72E7141FC0A2003524C3 /* ReaderAppDelegate.h */ = {isa = PBXFileReference; fileEncoding = 4; lastKnownFileType = sourcecode.c.h; path = ReaderAppDelegate.h; sourceTree = "<group>"; };
		45AB72E8141FC0A2003524C3 /* ReaderAppDelegate.m */ = {isa = PBXFileReference; fileEncoding = 4; lastKnownFileType = sourcecode.c.objc; path = ReaderAppDelegate.m; sourceTree = "<group>"; };
		45AB72E9141FC0A2003524C3 /* ReaderDemoController.h */ = {isa = PBXFileReference; fileEncoding = 4; lastKnownFileType = sourcecode.c.h; path = ReaderDemoController.h; sourceTree = "<group>"; };
		45AB72EA141FC0A2003524C3 /* ReaderDemoController.m */ = {isa = PBXFileReference; fileEncoding = 4; lastKnownFileType = sourcecode.c.objc; path = ReaderDemoController.m; sourceTree = "<group>"; };
		45AB72ED141FC0B1003524C3 /* CGPDFDocument.h */ = {isa = PBXFileReference; fileEncoding = 4; lastKnownFileType = sourcecode.c.h; name = CGPDFDocument.h; path = Sources/CGPDFDocument.h; sourceTree = "<group>"; };
		45AB72EE141FC0B1003524C3 /* CGPDFDocument.m */ = {isa = PBXFileReference; fileEncoding = 4; lastKnownFileType = sourcecode.c.objc; name = CGPDFDocument.m; path = Sources/CGPDFDocument.m; sourceTree = "<group>"; };
		45AB72EF141FC0B1003524C3 /* ReaderConstants.h */ = {isa = PBXFileReference; fileEncoding = 4; lastKnownFileType = sourcecode.c.h; name = ReaderConstants.h; path = Sources/ReaderConstants.h; sourceTree = "<group>"; };
		45AB72F0141FC0B1003524C3 /* ReaderConstants.m */ = {isa = PBXFileReference; fileEncoding = 4; lastKnownFileType = sourcecode.c.objc; name = ReaderConstants.m; path = Sources/ReaderConstants.m; sourceTree = "<group>"; };
		45AB72F1141FC0B1003524C3 /* ReaderContentPage.h */ = {isa = PBXFileReference; fileEncoding = 4; lastKnownFileType = sourcecode.c.h; name = ReaderContentPage.h; path = Sources/ReaderContentPage.h; sourceTree = "<group>"; };
		45AB72F2141FC0B1003524C3 /* ReaderContentPage.m */ = {isa = PBXFileReference; fileEncoding = 4; lastKnownFileType = sourcecode.c.objc; name = ReaderContentPage.m; path = Sources/ReaderContentPage.m; sourceTree = "<group>"; };
		45AB72F3141FC0B1003524C3 /* ReaderContentTile.h */ = {isa = PBXFileReference; fileEncoding = 4; lastKnownFileType = sourcecode.c.h; name = ReaderContentTile.h; path = Sources/ReaderContentTile.h; sourceTree = "<group>"; };
		45AB72F4141FC0B1003524C3 /* ReaderContentTile.m */ = {isa = PBXFileReference; fileEncoding = 4; lastKnownFileType = sourcecode.c.objc; name = ReaderContentTile.m; path = Sources/ReaderContentTile.m; sourceTree = "<group>"; };
		45AB72F5141FC0B1003524C3 /* ReaderContentView.h */ = {isa = PBXFileReference; fileEncoding = 4; lastKnownFileType = sourcecode.c.h; name = ReaderContentView.h; path = Sources/ReaderContentView.h; sourceTree = "<group>"; };
		45AB72F6141FC0B1003524C3 /* ReaderContentView.m */ = {isa = PBXFileReference; fileEncoding = 4; lastKnownFileType = sourcecode.c.objc; name = ReaderContentView.m; path = Sources/ReaderContentView.m; sourceTree = "<group>"; };
		45AB72F7141FC0B1003524C3 /* ReaderDocument.h */ = {isa = PBXFileReference; fileEncoding = 4; lastKnownFileType = sourcecode.c.h; name = ReaderDocument.h; path = Sources/ReaderDocument.h; sourceTree = "<group>"; };
		45AB72F8141FC0B1003524C3 /* ReaderDocument.m */ = {isa = PBXFileReference; fileEncoding = 4; lastKnownFileType = sourcecode.c.objc; name = ReaderDocument.m; path = Sources/ReaderDocument.m; sourceTree = "<group>"; };
		45AB72F9141FC0B1003524C3 /* ReaderMainPagebar.h */ = {isa = PBXFileReference; fileEncoding = 4; lastKnownFileType = sourcecode.c.h; name = ReaderMainPagebar.h; path = Sources/ReaderMainPagebar.h; sourceTree = "<group>"; };
		45AB72FA141FC0B1003524C3 /* ReaderMainPagebar.m */ = {isa = PBXFileReference; fileEncoding = 4; lastKnownFileType = sourcecode.c.objc; name = ReaderMainPagebar.m; path = Sources/ReaderMainPagebar.m; sourceTree = "<group>"; };
		45AB72FB141FC0B1003524C3 /* ReaderMainToolbar.h */ = {isa = PBXFileReference; fileEncoding = 4; lastKnownFileType = sourcecode.c.h; name = ReaderMainToolbar.h; path = Sources/ReaderMainToolbar.h; sourceTree = "<group>"; };
		45AB72FC141FC0B1003524C3 /* ReaderMainToolbar.m */ = {isa = PBXFileReference; fileEncoding = 4; lastKnownFileType = sourcecode.c.objc; name = ReaderMainToolbar.m; path = Sources/ReaderMainToolbar.m; sourceTree = "<group>"; };
		45AB72FF141FC0B1003524C3 /* ReaderThumbCache.h */ = {isa = PBXFileReference; fileEncoding = 4; lastKnownFileType = sourcecode.c.h; name = ReaderThumbCache.h; path = Sources/ReaderThumbCache.h; sourceTree = "<group>"; };
		45AB7300141FC0B1003524C3 /* ReaderThumbCache.m */ = {isa = PBXFileReference; fileEncoding = 4; lastKnownFileType = sourcecode.c.objc; name = ReaderThumbCache.m; path = Sources/ReaderThumbCache.m; sourceTree = "<group>"; };
		45AB7301141FC0B1003524C3 /* ReaderThumbFetch.h */ = {isa = PBXFileReference; fileEncoding = 4; lastKnownFileType = sourcecode.c.h; name = ReaderThumbFetch.h; path = Sources/ReaderThumbFetch.h; sourceTree = "<group>"; };
		45AB7302141FC0B1003524C3 /* ReaderThumbFetch.m */ = {isa = PBXFileReference; fileEncoding = 4; lastKnownFileType = sourcecode.c.objc; name = ReaderThumbFetch.m; path = Sources/ReaderThumbFetch.m; sourceTree = "<group>"; };
		45AB7303141FC0B1003524C3 /* ReaderThumbQueue.h */ = {isa = PBXFileReference; fileEncoding = 4; lastKnownFileType = sourcecode.c.h; name = ReaderThumbQueue.h; path = Sources/ReaderThumbQueue.h; sourceTree = "<group>"; };
		45AB7304141FC0B1003524C3 /* ReaderThumbQueue.m */ = {isa = PBXFileReference; fileEncoding = 4; lastKnownFileType = sourcecode.c.objc; name = ReaderThumbQueue.m; path = Sources/ReaderThumbQueue.m; sourceTree = "<group>"; };
		45AB7305141FC0B1003524C3 /* ReaderThumbRender.h */ = {isa = PBXFileReference; fileEncoding = 4; lastKnownFileType = sourcecode.c.h; name = ReaderThumbRender.h; path = Sources/ReaderThumbRender.h; sourceTree = "<group>"; };
		45AB7306141FC0B1003524C3 /* ReaderThumbRender.m */ = {isa = PBXFileReference; fileEncoding = 4; lastKnownFileType = sourcecode.c.objc; name = ReaderThumbRender.m; path = Sources/ReaderThumbRender.m; sourceTree = "<group>"; };
		45AB7307141FC0B1003524C3 /* ReaderThumbRequest.h */ = {isa = PBXFileReference; fileEncoding = 4; lastKnownFileType = sourcecode.c.h; name = ReaderThumbRequest.h; path = Sources/ReaderThumbRequest.h; sourceTree = "<group>"; };
		45AB7308141FC0B1003524C3 /* ReaderThumbRequest.m */ = {isa = PBXFileReference; fileEncoding = 4; lastKnownFileType = sourcecode.c.objc; name = ReaderThumbRequest.m; path = Sources/ReaderThumbRequest.m; sourceTree = "<group>"; };
		45AB7309141FC0B1003524C3 /* ReaderThumbsView.h */ = {isa = PBXFileReference; fileEncoding = 4; lastKnownFileType = sourcecode.c.h; name = ReaderThumbsView.h; path = Sources/ReaderThumbsView.h; sourceTree = "<group>"; };
		45AB730A141FC0B1003524C3 /* ReaderThumbsView.m */ = {isa = PBXFileReference; fileEncoding = 4; lastKnownFileType = sourcecode.c.objc; name = ReaderThumbsView.m; path = Sources/ReaderThumbsView.m; sourceTree = "<group>"; };
		45AB730B141FC0B1003524C3 /* ReaderThumbView.h */ = {isa = PBXFileReference; fileEncoding = 4; lastKnownFileType = sourcecode.c.h; name = ReaderThumbView.h; path = Sources/ReaderThumbView.h; sourceTree = "<group>"; };
		45AB730C141FC0B1003524C3 /* ReaderThumbView.m */ = {isa = PBXFileReference; fileEncoding = 4; lastKnownFileType = sourcecode.c.objc; name = ReaderThumbView.m; path = Sources/ReaderThumbView.m; sourceTree = "<group>"; };
		45AB730D141FC0B1003524C3 /* ReaderViewController.h */ = {isa = PBXFileReference; fileEncoding = 4; lastKnownFileType = sourcecode.c.h; name = ReaderViewController.h; path = Sources/ReaderViewController.h; sourceTree = "<group>"; };
		45AB730E141FC0B1003524C3 /* ReaderViewController.m */ = {isa = PBXFileReference; fileEncoding = 4; lastKnownFileType = sourcecode.c.objc; name = ReaderViewController.m; path = Sources/ReaderViewController.m; sourceTree = "<group>"; };
		45AB730F141FC0B1003524C3 /* ThumbsMainToolbar.h */ = {isa = PBXFileReference; fileEncoding = 4; lastKnownFileType = sourcecode.c.h; name = ThumbsMainToolbar.h; path = Sources/ThumbsMainToolbar.h; sourceTree = "<group>"; };
		45AB7310141FC0B1003524C3 /* ThumbsMainToolbar.m */ = {isa = PBXFileReference; fileEncoding = 4; lastKnownFileType = sourcecode.c.objc; name = ThumbsMainToolbar.m; path = Sources/ThumbsMainToolbar.m; sourceTree = "<group>"; };
		45AB7311141FC0B1003524C3 /* ThumbsViewController.h */ = {isa = PBXFileReference; fileEncoding = 4; lastKnownFileType = sourcecode.c.h; name = ThumbsViewController.h; path = Sources/ThumbsViewController.h; sourceTree = "<group>"; };
		45AB7312141FC0B1003524C3 /* ThumbsViewController.m */ = {isa = PBXFileReference; fileEncoding = 4; lastKnownFileType = sourcecode.c.objc; name = ThumbsViewController.m; path = Sources/ThumbsViewController.m; sourceTree = "<group>"; };
		45BD5AFD13AE721A00D6FE97 /* MessageUI.framework */ = {isa = PBXFileReference; lastKnownFileType = wrapper.framework; name = MessageUI.framework; path = System/Library/Frameworks/MessageUI.framework; sourceTree = SDKROOT; };
		45D5AD9E1610E66B00706B9A /* HISTORY.md */ = {isa = PBXFileReference; fileEncoding = 4; lastKnownFileType = text; path = HISTORY.md; sourceTree = "<group>"; };
		45D5ADA11610EADC00706B9A /* ReaderDocumentOutline.h */ = {isa = PBXFileReference; fileEncoding = 4; lastKnownFileType = sourcecode.c.h; name = ReaderDocumentOutline.h; path = Sources/ReaderDocumentOutline.h; sourceTree = "<group>"; };
		45D5ADA21610EADC00706B9A /* ReaderDocumentOutline.m */ = {isa = PBXFileReference; fileEncoding = 4; lastKnownFileType = sourcecode.c.objc; name = ReaderDocumentOutline.m; path = Sources/ReaderDocumentOutline.m; sourceTree = "<group>"; };
		45D9842F1C501B0300ADFD5E /* Reader-Button-H@3x.png */ = {isa = PBXFileReference; lastKnownFileType = image.png; name = "Reader-Button-H@3x.png"; path = "Graphics/Reader-Button-H@3x.png"; sourceTree = "<group>"; };
		45D984301C501B0300ADFD5E /* Reader-Button-N@3x.png */ = {isa = PBXFileReference; lastKnownFileType = image.png; name = "Reader-Button-N@3x.png"; path = "Graphics/Reader-Button-N@3x.png"; sourceTree = "<group>"; };
		45D984311C501B0300ADFD5E /* Reader-Email@3x.png */ = {isa = PBXFileReference; lastKnownFileType = image.png; name = "Reader-Email@3x.png"; path = "Graphics/Reader-Email@3x.png"; sourceTree = "<group>"; };
		45D984321C501B0300ADFD5E /* Reader-Export@3x.png */ = {isa = PBXFileReference; lastKnownFileType = image.png; name = "Reader-Export@3x.png"; path = "Graphics/Reader-Export@3x.png"; sourceTree = "<group>"; };
		45D984331C501B0300ADFD5E /* Reader-Mark-N@3x.png */ = {isa = PBXFileReference; lastKnownFileType = image.png; name = "Reader-Mark-N@3x.png"; path = "Graphics/Reader-Mark-N@3x.png"; sourceTree = "<group>"; };
		45D984341C501B0300ADFD5E /* Reader-Mark-Y@3x.png */ = {isa = PBXFileReference; lastKnownFileType = image.png; name = "Reader-Mark-Y@3x.png"; path = "Graphics/Reader-Mark-Y@3x.png"; sourceTree = "<group>"; };
		45D984351C501B0300ADFD5E /* Reader-Print@3x.png */ = {isa = PBXFileReference; lastKnownFileType = image.png; name = "Reader-Print@3x.png"; path = "Graphics/Reader-Print@3x.png"; sourceTree = "<group>"; };
		45D984361C501B0300ADFD5E /* Reader-Thumbs@3x.png */ = {isa = PBXFileReference; lastKnownFileType = image.png; name = "Reader-Thumbs@3x.png"; path = "Graphics/Reader-Thumbs@3x.png"; sourceTree = "<group>"; };
		8D1107310486CEB800E47090 /* Reader-Info.plist */ = {isa = PBXFileReference; fileEncoding = 4; lastKnownFileType = text.plist.xml; path = "Reader-Info.plist"; plistStructureDefinitionIdentifier = "com.apple.xcode.plist.structure-definition.iphone.info-plist"; sourceTree = "<group>"; };
		BB51321B1E68364E002E8CF9 /* libpdfReader.a */ = {isa = PBXFileReference; explicitFileType = archive.ar; includeInIndex = 0; path = libpdfReader.a; sourceTree = BUILT_PRODUCTS_DIR; };
		BBDF8AF21E936F31002CAF1D /* Adele.pdf */ = {isa = PBXFileReference; lastKnownFileType = image.pdf; path = Adele.pdf; sourceTree = "<group>"; };
/* End PBXFileReference section */

/* Begin PBXFrameworksBuildPhase section */
		1D60588F0D05DD3D006BFB54 /* Frameworks */ = {
			isa = PBXFrameworksBuildPhase;
			buildActionMask = 2147483647;
			files = (
				1DF5F4E00D08C38300B7A737 /* UIKit.framework in Frameworks */,
				1D60589F0D05DD5A006BFB54 /* Foundation.framework in Frameworks */,
				288765FD0DF74451002DB57D /* CoreGraphics.framework in Frameworks */,
				450A670411D27B9D00014BF5 /* QuartzCore.framework in Frameworks */,
				45BD5AFE13AE721A00D6FE97 /* MessageUI.framework in Frameworks */,
				458DDFD7140D45FA00C5DA94 /* ImageIO.framework in Frameworks */,
			);
			runOnlyForDeploymentPostprocessing = 0;
		};
		BB5132181E68364E002E8CF9 /* Frameworks */ = {
			isa = PBXFrameworksBuildPhase;
			buildActionMask = 2147483647;
			files = (
			);
			runOnlyForDeploymentPostprocessing = 0;
		};
/* End PBXFrameworksBuildPhase section */

/* Begin PBXGroup section */
		080E96DDFE201D6D7F000001 /* Classes */ = {
			isa = PBXGroup;
			children = (
				45AB72E7141FC0A2003524C3 /* ReaderAppDelegate.h */,
				45AB72E8141FC0A2003524C3 /* ReaderAppDelegate.m */,
				45AB72E9141FC0A2003524C3 /* ReaderDemoController.h */,
				45AB72EA141FC0A2003524C3 /* ReaderDemoController.m */,
				4555C74A14211A00005F448D /* ReaderBookDelegate.h */,
				4555C74B14211A00005F448D /* ReaderBookDelegate.m */,
			);
			path = Classes;
			sourceTree = "<group>";
		};
		19C28FACFE9D520D11CA2CBB /* Products */ = {
			isa = PBXGroup;
			children = (
				1D6058910D05DD3D006BFB54 /* Reader.app */,
				BB51321B1E68364E002E8CF9 /* libpdfReader.a */,
			);
			name = Products;
			sourceTree = "<group>";
		};
		29B97314FDCFA39411CA2CEA /* CustomTemplate */ = {
			isa = PBXGroup;
			children = (
				080E96DDFE201D6D7F000001 /* Classes */,
				45943FC217FDC9ED003CC77A /* Reader */,
				29B97315FDCFA39411CA2CEA /* Support Files */,
				29B97317FDCFA39411CA2CEA /* Resources */,
				450A66D911D27B5800014BF5 /* Graphics */,
				29B97323FDCFA39411CA2CEA /* Frameworks */,
				19C28FACFE9D520D11CA2CBB /* Products */,
			);
			name = CustomTemplate;
			sourceTree = "<group>";
		};
		29B97315FDCFA39411CA2CEA /* Support Files */ = {
			isa = PBXGroup;
			children = (
				4513ACFC19C4A636004916D1 /* Todo.txt */,
				8D1107310486CEB800E47090 /* Reader-Info.plist */,
				32CA4F630368D1EE00C91783 /* Reader-Prefix.pch */,
				29B97316FDCFA39411CA2CEA /* main.m */,
			);
			name = "Support Files";
			sourceTree = "<group>";
		};
		29B97317FDCFA39411CA2CEA /* Resources */ = {
			isa = PBXGroup;
			children = (
				4541A9D7122EA716001A5E60 /* Localizable.strings */,
				4524A6EF1C5011D700D7DF7F /* Reader-App.storyboard */,
				45AB72DF141FC04B003524C3 /* README.md */,
				45D5AD9E1610E66B00706B9A /* HISTORY.md */,
				45AB72DD141FC043003524C3 /* LICENSE.md */,
				BBDF8AF21E936F31002CAF1D /* Adele.pdf */,
				45AB72DB141FC039003524C3 /* Reader.pdf */,
			);
			name = Resources;
			sourceTree = "<group>";
		};
		29B97323FDCFA39411CA2CEA /* Frameworks */ = {
			isa = PBXGroup;
			children = (
				1DF5F4DF0D08C38300B7A737 /* UIKit.framework */,
				1D30AB110D05D00D00671497 /* Foundation.framework */,
				288765FC0DF74451002DB57D /* CoreGraphics.framework */,
				450A670311D27B9D00014BF5 /* QuartzCore.framework */,
				45BD5AFD13AE721A00D6FE97 /* MessageUI.framework */,
				458DDFD6140D45FA00C5DA94 /* ImageIO.framework */,
			);
			name = Frameworks;
			sourceTree = "<group>";
		};
		450A66D911D27B5800014BF5 /* Graphics */ = {
			isa = PBXGroup;
			children = (
				45943FC317FDCA36003CC77A /* App */,
				45943FC417FDCA3E003CC77A /* Reader */,
			);
			name = Graphics;
			sourceTree = "<group>";
		};
		45943FC217FDC9ED003CC77A /* Reader */ = {
			isa = PBXGroup;
			children = (
				45BD5A7C13AE6C3B00D6FE97 /* Sources */,
				45CED630140BD22A0092F460 /* Support */,
			);
			name = Reader;
			sourceTree = "<group>";
		};
		45943FC317FDCA36003CC77A /* App */ = {
			isa = PBXGroup;
			children = (
				4513ACFA19C4A1FB004916D1 /* AppIcon-180.png */,
				4524A6ED1C500F2F00D7DF7F /* AppIcon-167.png */,
				4544394717FDD5E700781873 /* AppIcon-152.png */,
				4544394617FDD5E700781873 /* AppIcon-120.png */,
				4544394517FDD5E700781873 /* AppIcon-076.png */,
			);
			name = App;
			sourceTree = "<group>";
		};
		45943FC417FDCA3E003CC77A /* Reader */ = {
			isa = PBXGroup;
			children = (
				455C789914268F6A0053D73B /* Reader-Button-H.png */,
				455C789A14268F6A0053D73B /* Reader-Button-H@2x.png */,
				45D9842F1C501B0300ADFD5E /* Reader-Button-H@3x.png */,
				455C789B14268F6A0053D73B /* Reader-Button-N.png */,
				455C789C14268F6A0053D73B /* Reader-Button-N@2x.png */,
				45D984301C501B0300ADFD5E /* Reader-Button-N@3x.png */,
				45AB72BC141FBFCA003524C3 /* Reader-Email.png */,
				45AB72BD141FBFCA003524C3 /* Reader-Email@2x.png */,
				45D984311C501B0300ADFD5E /* Reader-Email@3x.png */,
				4521AB3D19C5EE6000B16688 /* Reader-Export.png */,
				4521AB3E19C5EE6000B16688 /* Reader-Export@2x.png */,
				45D984321C501B0300ADFD5E /* Reader-Export@3x.png */,
				45AB72BE141FBFCA003524C3 /* Reader-Mark-N.png */,
				45AB72BF141FBFCA003524C3 /* Reader-Mark-N@2x.png */,
				45D984331C501B0300ADFD5E /* Reader-Mark-N@3x.png */,
				45AB72C0141FBFCA003524C3 /* Reader-Mark-Y.png */,
				45AB72C1141FBFCA003524C3 /* Reader-Mark-Y@2x.png */,
				45D984341C501B0300ADFD5E /* Reader-Mark-Y@3x.png */,
				45AB72C2141FBFCA003524C3 /* Reader-Print.png */,
				45AB72C3141FBFCA003524C3 /* Reader-Print@2x.png */,
				45D984351C501B0300ADFD5E /* Reader-Print@3x.png */,
				45AB72C4141FBFCA003524C3 /* Reader-Thumbs.png */,
				45AB72C5141FBFCA003524C3 /* Reader-Thumbs@2x.png */,
				45D984361C501B0300ADFD5E /* Reader-Thumbs@3x.png */,
			);
			name = Reader;
			sourceTree = "<group>";
		};
		45BD5A7C13AE6C3B00D6FE97 /* Sources */ = {
			isa = PBXGroup;
			children = (
				45AB72EF141FC0B1003524C3 /* ReaderConstants.h */,
				45AB72F0141FC0B1003524C3 /* ReaderConstants.m */,
				45AB72F7141FC0B1003524C3 /* ReaderDocument.h */,
				45AB72F8141FC0B1003524C3 /* ReaderDocument.m */,
				45AB730D141FC0B1003524C3 /* ReaderViewController.h */,
				45AB730E141FC0B1003524C3 /* ReaderViewController.m */,
				45AB72FB141FC0B1003524C3 /* ReaderMainToolbar.h */,
				45AB72FC141FC0B1003524C3 /* ReaderMainToolbar.m */,
				45AB72F9141FC0B1003524C3 /* ReaderMainPagebar.h */,
				45AB72FA141FC0B1003524C3 /* ReaderMainPagebar.m */,
				45AB72F5141FC0B1003524C3 /* ReaderContentView.h */,
				45AB72F6141FC0B1003524C3 /* ReaderContentView.m */,
				45AB72F1141FC0B1003524C3 /* ReaderContentPage.h */,
				45AB72F2141FC0B1003524C3 /* ReaderContentPage.m */,
				45AB72F3141FC0B1003524C3 /* ReaderContentTile.h */,
				45AB72F4141FC0B1003524C3 /* ReaderContentTile.m */,
				45AB7311141FC0B1003524C3 /* ThumbsViewController.h */,
				45AB7312141FC0B1003524C3 /* ThumbsViewController.m */,
				45AB730F141FC0B1003524C3 /* ThumbsMainToolbar.h */,
				45AB7310141FC0B1003524C3 /* ThumbsMainToolbar.m */,
			);
			name = Sources;
			sourceTree = "<group>";
		};
		45CED630140BD22A0092F460 /* Support */ = {
			isa = PBXGroup;
			children = (
				45AB72ED141FC0B1003524C3 /* CGPDFDocument.h */,
				45AB72EE141FC0B1003524C3 /* CGPDFDocument.m */,
				45D5ADA11610EADC00706B9A /* ReaderDocumentOutline.h */,
				45D5ADA21610EADC00706B9A /* ReaderDocumentOutline.m */,
				45AB7307141FC0B1003524C3 /* ReaderThumbRequest.h */,
				45AB7308141FC0B1003524C3 /* ReaderThumbRequest.m */,
				45AB72FF141FC0B1003524C3 /* ReaderThumbCache.h */,
				45AB7300141FC0B1003524C3 /* ReaderThumbCache.m */,
				45AB7303141FC0B1003524C3 /* ReaderThumbQueue.h */,
				45AB7304141FC0B1003524C3 /* ReaderThumbQueue.m */,
				45AB7301141FC0B1003524C3 /* ReaderThumbFetch.h */,
				45AB7302141FC0B1003524C3 /* ReaderThumbFetch.m */,
				45AB7305141FC0B1003524C3 /* ReaderThumbRender.h */,
				45AB7306141FC0B1003524C3 /* ReaderThumbRender.m */,
				45AB7309141FC0B1003524C3 /* ReaderThumbsView.h */,
				45AB730A141FC0B1003524C3 /* ReaderThumbsView.m */,
				45AB730B141FC0B1003524C3 /* ReaderThumbView.h */,
				45AB730C141FC0B1003524C3 /* ReaderThumbView.m */,
				455C788F142687CA0053D73B /* UIXToolbarView.h */,
				455C7890142687CA0053D73B /* UIXToolbarView.m */,
			);
			name = Support;
			sourceTree = "<group>";
		};
/* End PBXGroup section */

/* Begin PBXHeadersBuildPhase section */
		BB5132391E6836E4002E8CF9 /* Headers */ = {
			isa = PBXHeadersBuildPhase;
			buildActionMask = 2147483647;
			files = (
				BB51323C1E6836F4002E8CF9 /* ReaderViewController.h in Headers */,
				BB51323B1E6836F4002E8CF9 /* ReaderDocument.h in Headers */,
				BB51323A1E6836F4002E8CF9 /* ReaderConstants.h in Headers */,
				BB51323D1E6836F4002E8CF9 /* ReaderMainToolbar.h in Headers */,
				BB51323E1E6836F4002E8CF9 /* ReaderMainPagebar.h in Headers */,
				BB51323F1E6836F4002E8CF9 /* ReaderContentView.h in Headers */,
				BB5132401E6836F4002E8CF9 /* ReaderContentPage.h in Headers */,
				BB5132411E6836F4002E8CF9 /* ReaderContentTile.h in Headers */,
				BB5132421E6836F4002E8CF9 /* ThumbsViewController.h in Headers */,
				BB5132431E6836F4002E8CF9 /* ThumbsMainToolbar.h in Headers */,
				BB5132441E6836F4002E8CF9 /* CGPDFDocument.h in Headers */,
				BB5132451E6836F4002E8CF9 /* ReaderDocumentOutline.h in Headers */,
				BB5132461E6836F4002E8CF9 /* ReaderThumbRequest.h in Headers */,
				BB5132471E6836F4002E8CF9 /* ReaderThumbCache.h in Headers */,
				BB5132481E6836F4002E8CF9 /* ReaderThumbQueue.h in Headers */,
				BB5132491E6836F4002E8CF9 /* ReaderThumbFetch.h in Headers */,
				BB51324A1E6836F4002E8CF9 /* ReaderThumbRender.h in Headers */,
				BB51324B1E6836F4002E8CF9 /* ReaderThumbsView.h in Headers */,
				BB51324C1E6836F4002E8CF9 /* ReaderThumbView.h in Headers */,
				BB51324D1E6836F4002E8CF9 /* UIXToolbarView.h in Headers */,
			);
			runOnlyForDeploymentPostprocessing = 0;
		};
/* End PBXHeadersBuildPhase section */

/* Begin PBXNativeTarget section */
		1D6058900D05DD3D006BFB54 /* Reader */ = {
			isa = PBXNativeTarget;
			buildConfigurationList = 1D6058960D05DD3E006BFB54 /* Build configuration list for PBXNativeTarget "Reader" */;
			buildPhases = (
				1D60588D0D05DD3D006BFB54 /* Resources */,
				1D60588E0D05DD3D006BFB54 /* Sources */,
				1D60588F0D05DD3D006BFB54 /* Frameworks */,
			);
			buildRules = (
			);
			dependencies = (
			);
			name = Reader;
			productName = Reader;
			productReference = 1D6058910D05DD3D006BFB54 /* Reader.app */;
			productType = "com.apple.product-type.application";
		};
		BB51321A1E68364E002E8CF9 /* pdfReader */ = {
			isa = PBXNativeTarget;
			buildConfigurationList = BB5132211E68364E002E8CF9 /* Build configuration list for PBXNativeTarget "pdfReader" */;
			buildPhases = (
				BB5132171E68364E002E8CF9 /* Sources */,
				BB5132181E68364E002E8CF9 /* Frameworks */,
				BB5132191E68364E002E8CF9 /* CopyFiles */,
				BB5132391E6836E4002E8CF9 /* Headers */,
				BB51324E1E6838BC002E8CF9 /* ShellScript */,
			);
			buildRules = (
			);
			dependencies = (
			);
			name = pdfReader;
			productName = pdfReader;
			productReference = BB51321B1E68364E002E8CF9 /* libpdfReader.a */;
			productType = "com.apple.product-type.library.static";
		};
/* End PBXNativeTarget section */

/* Begin PBXProject section */
		29B97313FDCFA39411CA2CEA /* Project object */ = {
			isa = PBXProject;
			attributes = {
				LastUpgradeCheck = 0800;
				TargetAttributes = {
					1D6058900D05DD3D006BFB54 = {
						DevelopmentTeam = X62ZR3B9UC;
					};
					BB51321A1E68364E002E8CF9 = {
						CreatedOnToolsVersion = 8.2.1;
						DevelopmentTeam = X62ZR3B9UC;
						ProvisioningStyle = Automatic;
					};
				};
			};
			buildConfigurationList = C01FCF4E08A954540054247B /* Build configuration list for PBXProject "Reader" */;
			compatibilityVersion = "Xcode 3.2";
			developmentRegion = en;
			hasScannedForEncodings = 1;
			knownRegions = (
				en,
				de,
				fr,
				es,
			);
			mainGroup = 29B97314FDCFA39411CA2CEA /* CustomTemplate */;
			projectDirPath = "";
			projectRoot = "";
			targets = (
				1D6058900D05DD3D006BFB54 /* Reader */,
				BB51321A1E68364E002E8CF9 /* pdfReader */,
			);
		};
/* End PBXProject section */

/* Begin PBXResourcesBuildPhase section */
		1D60588D0D05DD3D006BFB54 /* Resources */ = {
			isa = PBXResourcesBuildPhase;
			buildActionMask = 2147483647;
			files = (
				4541A9D8122EA716001A5E60 /* Localizable.strings in Resources */,
				45D984391C501B0300ADFD5E /* Reader-Email@3x.png in Resources */,
				45D984371C501B0300ADFD5E /* Reader-Button-H@3x.png in Resources */,
				4524A6EE1C500F2F00D7DF7F /* AppIcon-167.png in Resources */,
				45AB72C9141FBFCA003524C3 /* Reader-Email.png in Resources */,
				45AB72CA141FBFCA003524C3 /* Reader-Email@2x.png in Resources */,
				BBDF8AF31E936F31002CAF1D /* Adele.pdf in Resources */,
				45AB72CB141FBFCA003524C3 /* Reader-Mark-N.png in Resources */,
				45AB72CC141FBFCA003524C3 /* Reader-Mark-N@2x.png in Resources */,
				45D9843E1C501B0300ADFD5E /* Reader-Thumbs@3x.png in Resources */,
				45AB72CD141FBFCA003524C3 /* Reader-Mark-Y.png in Resources */,
				45AB72CE141FBFCA003524C3 /* Reader-Mark-Y@2x.png in Resources */,
				45AB72CF141FBFCA003524C3 /* Reader-Print.png in Resources */,
				45AB72D0141FBFCA003524C3 /* Reader-Print@2x.png in Resources */,
				45AB72D1141FBFCA003524C3 /* Reader-Thumbs.png in Resources */,
				45AB72D2141FBFCA003524C3 /* Reader-Thumbs@2x.png in Resources */,
				45D984381C501B0300ADFD5E /* Reader-Button-N@3x.png in Resources */,
				4521AB4019C5EE6000B16688 /* Reader-Export@2x.png in Resources */,
				4513ACFB19C4A1FB004916D1 /* AppIcon-180.png in Resources */,
				45AB72DC141FC039003524C3 /* Reader.pdf in Resources */,
				45D9843A1C501B0300ADFD5E /* Reader-Export@3x.png in Resources */,
				45D9843B1C501B0300ADFD5E /* Reader-Mark-N@3x.png in Resources */,
				455C789D14268F6A0053D73B /* Reader-Button-H.png in Resources */,
				455C789E14268F6A0053D73B /* Reader-Button-H@2x.png in Resources */,
				455C789F14268F6A0053D73B /* Reader-Button-N.png in Resources */,
				4524A6F01C5011D700D7DF7F /* Reader-App.storyboard in Resources */,
				455C78A014268F6A0053D73B /* Reader-Button-N@2x.png in Resources */,
				45D9843D1C501B0300ADFD5E /* Reader-Print@3x.png in Resources */,
				45D9843C1C501B0300ADFD5E /* Reader-Mark-Y@3x.png in Resources */,
				4544394917FDD5E700781873 /* AppIcon-120.png in Resources */,
				4521AB3F19C5EE6000B16688 /* Reader-Export.png in Resources */,
				4544394817FDD5E700781873 /* AppIcon-076.png in Resources */,
				4544394A17FDD5E700781873 /* AppIcon-152.png in Resources */,
			);
			runOnlyForDeploymentPostprocessing = 0;
		};
/* End PBXResourcesBuildPhase section */

/* Begin PBXShellScriptBuildPhase section */
		BB51324E1E6838BC002E8CF9 /* ShellScript */ = {
			isa = PBXShellScriptBuildPhase;
			buildActionMask = 2147483647;
			files = (
			);
			inputPaths = (
			);
			outputPaths = (
			);
			runOnlyForDeploymentPostprocessing = 0;
			shellPath = /bin/sh;
			shellScript = "##########################################\n#\n# c.f. http://stackoverflow.com/questions/3520977/build-fat-static-library-device-simulator-using-xcode-and-sdk-4\n#\n# Version 2.82\n#\n# Latest Change:\n# - MORE tweaks to get the iOS 10+ and 9- working\n# - Support iOS 10+\n# - Corrected typo for iOS 1-10+ (thanks @stuikomma)\n#\n# Purpose:\n#   Automatically create a Universal static library for iPhone + iPad + iPhone Simulator from within XCode\n#\n# Author: Adam Martin - http://twitter.com/redglassesapps\n# Based on: original script from Eonil (main changes: Eonil's script WILL NOT WORK in Xcode GUI - it WILL CRASH YOUR COMPUTER)\n#\n\nset -e\nset -o pipefail\n\n#################[ Tests: helps workaround any future bugs in Xcode ]########\n#\nDEBUG_THIS_SCRIPT=\"false\"\n\nif [ $DEBUG_THIS_SCRIPT = \"true\" ]\nthen\necho \"########### TESTS #############\"\necho \"Use the following variables when debugging this script; note that they may change on recursions\"\necho \"BUILD_DIR = $BUILD_DIR\"\necho \"BUILD_ROOT = $BUILD_ROOT\"\necho \"CONFIGURATION_BUILD_DIR = $CONFIGURATION_BUILD_DIR\"\necho \"BUILT_PRODUCTS_DIR = $BUILT_PRODUCTS_DIR\"\necho \"CONFIGURATION_TEMP_DIR = $CONFIGURATION_TEMP_DIR\"\necho \"TARGET_BUILD_DIR = $TARGET_BUILD_DIR\"\nfi\n\n#####################[ part 1 ]##################\n# First, work out the BASESDK version number (NB: Apple ought to report this, but they hide it)\n#    (incidental: searching for substrings in sh is a nightmare! Sob)\n\nSDK_VERSION=$(echo ${SDK_NAME} | grep -o '\\d\\{1,2\\}\\.\\d\\{1,2\\}$')\n\n# Next, work out if we're in SIM or DEVICE\n\nif [ ${PLATFORM_NAME} = \"iphonesimulator\" ]\nthen\nOTHER_SDK_TO_BUILD=iphoneos${SDK_VERSION}\nelse\nOTHER_SDK_TO_BUILD=iphonesimulator${SDK_VERSION}\nfi\n\necho \"XCode has selected SDK: ${PLATFORM_NAME} with version: ${SDK_VERSION} (although back-targetting: ${IPHONEOS_DEPLOYMENT_TARGET})\"\necho \"...therefore, OTHER_SDK_TO_BUILD = ${OTHER_SDK_TO_BUILD}\"\n#\n#####################[ end of part 1 ]##################\n\n#####################[ part 2 ]##################\n#\n# IF this is the original invocation, invoke WHATEVER other builds are required\n#\n# Xcode is already building ONE target...\n#\n# ...but this is a LIBRARY, so Apple is wrong to set it to build just one.\n# ...we need to build ALL targets\n# ...we MUST NOT re-build the target that is ALREADY being built: Xcode WILL CRASH YOUR COMPUTER if you try this (infinite recursion!)\n#\n#\n# So: build ONLY the missing platforms/configurations.\n\nif [ \"true\" == ${ALREADYINVOKED:-false} ]\nthen\necho \"RECURSION: I am NOT the root invocation, so I'm NOT going to recurse\"\nelse\n# CRITICAL:\n# Prevent infinite recursion (Xcode sucks)\nexport ALREADYINVOKED=\"true\"\n\necho \"RECURSION: I am the root ... recursing all missing build targets NOW...\"\necho \"RECURSION: ...about to invoke: xcodebuild -configuration \\\"${CONFIGURATION}\\\" -project \\\"${PROJECT_NAME}.xcodeproj\\\" -target \\\"${TARGET_NAME}\\\" -sdk \\\"${OTHER_SDK_TO_BUILD}\\\" ${ACTION} RUN_CLANG_STATIC_ANALYZER=NO\" BUILD_DIR=\\\"${BUILD_DIR}\\\" BUILD_ROOT=\\\"${BUILD_ROOT}\\\" SYMROOT=\\\"${SYMROOT}\\\"\n\nxcodebuild -configuration \"${CONFIGURATION}\" -project \"${PROJECT_NAME}.xcodeproj\" -target \"${TARGET_NAME}\" -sdk \"${OTHER_SDK_TO_BUILD}\" ${ACTION} RUN_CLANG_STATIC_ANALYZER=NO BUILD_DIR=\"${BUILD_DIR}\" BUILD_ROOT=\"${BUILD_ROOT}\" SYMROOT=\"${SYMROOT}\"\n\nACTION=\"build\"\n\n#Merge all platform binaries as a fat binary for each configurations.\n\n# Calculate where the (multiple) built files are coming from:\nCURRENTCONFIG_DEVICE_DIR=${SYMROOT}/${CONFIGURATION}-iphoneos\nCURRENTCONFIG_SIMULATOR_DIR=${SYMROOT}/${CONFIGURATION}-iphonesimulator\n\necho \"Taking device build from: ${CURRENTCONFIG_DEVICE_DIR}\"\necho \"Taking simulator build from: ${CURRENTCONFIG_SIMULATOR_DIR}\"\n\nCREATING_UNIVERSAL_DIR=${SRCROOT}/${PROJECT_NAME}-universal\necho \"...I will output a universal build to: ${CREATING_UNIVERSAL_DIR}\"\n\n# ... remove the products of previous runs of this script\n#      NB: this directory is ONLY created by this script - it should be safe to delete!\n\nrm -rf \"${CREATING_UNIVERSAL_DIR}\"\nmkdir \"${CREATING_UNIVERSAL_DIR}\"\n\n#\necho \"lipo: for current configuration (${CONFIGURATION}) creating output file: ${CREATING_UNIVERSAL_DIR}/${EXECUTABLE_NAME}\"\nxcrun -sdk iphoneos lipo -create -output \"${CREATING_UNIVERSAL_DIR}/${EXECUTABLE_NAME}\" \"${CURRENTCONFIG_DEVICE_DIR}/${EXECUTABLE_NAME}\" \"${CURRENTCONFIG_SIMULATOR_DIR}/${EXECUTABLE_NAME}\"\n\n#########\n#\n# Added: StackOverflow suggestion to also copy \"include\" files\n#    (untested, but should work OK)\n#\necho \"Fetching headers from ${PUBLIC_HEADERS_FOLDER_PATH}\"\necho \"  (if you embed your library project in another project, you will need to add\"\necho \"   a \"User Search Headers\" build setting of: (NB INCLUDE THE DOUBLE QUOTES BELOW!)\"\necho '        \"$(TARGET_BUILD_DIR)/usr/local/include/\"'\nif [ -d \"${CURRENTCONFIG_DEVICE_DIR}${PUBLIC_HEADERS_FOLDER_PATH}\" ]\nthen\nmkdir -p \"${CREATING_UNIVERSAL_DIR}${PUBLIC_HEADERS_FOLDER_PATH}\"\n# * needs to be outside the double quotes?\ncp -r \"${CURRENTCONFIG_DEVICE_DIR}${PUBLIC_HEADERS_FOLDER_PATH}\"* \"${CREATING_UNIVERSAL_DIR}${PUBLIC_HEADERS_FOLDER_PATH}\"\nfi\nfi\n";
		};
/* End PBXShellScriptBuildPhase section */

/* Begin PBXSourcesBuildPhase section */
		1D60588E0D05DD3D006BFB54 /* Sources */ = {
			isa = PBXSourcesBuildPhase;
			buildActionMask = 2147483647;
			files = (
				1D60589B0D05DD56006BFB54 /* main.m in Sources */,
				45AB72EB141FC0A2003524C3 /* ReaderAppDelegate.m in Sources */,
				45AB72EC141FC0A2003524C3 /* ReaderDemoController.m in Sources */,
				45AB7313141FC0B1003524C3 /* CGPDFDocument.m in Sources */,
				45AB7314141FC0B1003524C3 /* ReaderConstants.m in Sources */,
				45AB7315141FC0B1003524C3 /* ReaderContentPage.m in Sources */,
				45AB7316141FC0B1003524C3 /* ReaderContentTile.m in Sources */,
				45AB7317141FC0B1003524C3 /* ReaderContentView.m in Sources */,
				45AB7318141FC0B1003524C3 /* ReaderDocument.m in Sources */,
				45AB7319141FC0B1003524C3 /* ReaderMainPagebar.m in Sources */,
				45AB731A141FC0B1003524C3 /* ReaderMainToolbar.m in Sources */,
				45AB731C141FC0B1003524C3 /* ReaderThumbCache.m in Sources */,
				45AB731D141FC0B1003524C3 /* ReaderThumbFetch.m in Sources */,
				45AB731E141FC0B1003524C3 /* ReaderThumbQueue.m in Sources */,
				45AB731F141FC0B1003524C3 /* ReaderThumbRender.m in Sources */,
				45AB7320141FC0B1003524C3 /* ReaderThumbRequest.m in Sources */,
				45AB7321141FC0B1003524C3 /* ReaderThumbsView.m in Sources */,
				45AB7322141FC0B1003524C3 /* ReaderThumbView.m in Sources */,
				45AB7323141FC0B1003524C3 /* ReaderViewController.m in Sources */,
				45AB7324141FC0B1003524C3 /* ThumbsMainToolbar.m in Sources */,
				45AB7325141FC0B1003524C3 /* ThumbsViewController.m in Sources */,
				4555C74C14211A00005F448D /* ReaderBookDelegate.m in Sources */,
				455C7891142687CA0053D73B /* UIXToolbarView.m in Sources */,
				45D5ADA31610EADD00706B9A /* ReaderDocumentOutline.m in Sources */,
			);
			runOnlyForDeploymentPostprocessing = 0;
		};
		BB5132171E68364E002E8CF9 /* Sources */ = {
			isa = PBXSourcesBuildPhase;
			buildActionMask = 2147483647;
			files = (
				BB5132251E68368E002E8CF9 /* ReaderConstants.m in Sources */,
				BB5132261E68368E002E8CF9 /* ReaderDocument.m in Sources */,
				BB5132271E68368E002E8CF9 /* ReaderViewController.m in Sources */,
				BB5132281E68368E002E8CF9 /* ReaderMainToolbar.m in Sources */,
				BB5132291E68368E002E8CF9 /* ReaderMainPagebar.m in Sources */,
				BB51322A1E68368E002E8CF9 /* ReaderContentView.m in Sources */,
				BB51322B1E68368E002E8CF9 /* ReaderContentPage.m in Sources */,
				BB51322C1E68368E002E8CF9 /* ReaderContentTile.m in Sources */,
				BB51322D1E68368E002E8CF9 /* ThumbsViewController.m in Sources */,
				BB51322E1E68368E002E8CF9 /* ThumbsMainToolbar.m in Sources */,
				BB51322F1E68368E002E8CF9 /* CGPDFDocument.m in Sources */,
				BB5132301E68368E002E8CF9 /* ReaderDocumentOutline.m in Sources */,
				BB5132311E68368E002E8CF9 /* ReaderThumbRequest.m in Sources */,
				BB5132321E68368E002E8CF9 /* ReaderThumbCache.m in Sources */,
				BB5132331E68368E002E8CF9 /* ReaderThumbQueue.m in Sources */,
				BB5132341E68368E002E8CF9 /* ReaderThumbFetch.m in Sources */,
				BB5132351E68368E002E8CF9 /* ReaderThumbRender.m in Sources */,
				BB5132361E68368E002E8CF9 /* ReaderThumbsView.m in Sources */,
				BB5132371E68368E002E8CF9 /* ReaderThumbView.m in Sources */,
				BB5132381E68368E002E8CF9 /* UIXToolbarView.m in Sources */,
			);
			runOnlyForDeploymentPostprocessing = 0;
		};
/* End PBXSourcesBuildPhase section */

/* Begin PBXVariantGroup section */
		4541A9D7122EA716001A5E60 /* Localizable.strings */ = {
			isa = PBXVariantGroup;
			children = (
				4541A9D5122EA686001A5E60 /* en */,
				458BF155143E077500CDF567 /* de */,
				458F25911AC1D417000716F1 /* fr */,
				458F25921AC1D425000716F1 /* es */,
			);
			name = Localizable.strings;
			sourceTree = "<group>";
		};
/* End PBXVariantGroup section */

/* Begin XCBuildConfiguration section */
		1D6058940D05DD3E006BFB54 /* Debug */ = {
			isa = XCBuildConfiguration;
			buildSettings = {
				ALWAYS_SEARCH_USER_PATHS = NO;
				CLANG_ENABLE_OBJC_ARC = YES;
				COPY_PHASE_STRIP = NO;
				DEVELOPMENT_TEAM = X62ZR3B9UC;
				GCC_DYNAMIC_NO_PIC = NO;
				GCC_OPTIMIZATION_LEVEL = 0;
				GCC_PRECOMPILE_PREFIX_HEADER = YES;
				GCC_PREFIX_HEADER = "Reader-Prefix.pch";
				INFOPLIST_FILE = "Reader-Info.plist";
				PRODUCT_BUNDLE_IDENTIFIER = "com.example.${PRODUCT_NAME:rfc1034identifier}";
				PRODUCT_NAME = Reader;
			};
			name = Debug;
		};
		1D6058950D05DD3E006BFB54 /* Release */ = {
			isa = XCBuildConfiguration;
			buildSettings = {
				ALWAYS_SEARCH_USER_PATHS = NO;
				CLANG_ENABLE_OBJC_ARC = YES;
				COPY_PHASE_STRIP = YES;
				DEVELOPMENT_TEAM = X62ZR3B9UC;
				GCC_PRECOMPILE_PREFIX_HEADER = YES;
				GCC_PREFIX_HEADER = "Reader-Prefix.pch";
				INFOPLIST_FILE = "Reader-Info.plist";
				PRODUCT_BUNDLE_IDENTIFIER = "com.example.${PRODUCT_NAME:rfc1034identifier}";
				PRODUCT_NAME = Reader;
				VALIDATE_PRODUCT = YES;
			};
			name = Release;
		};
		458529CE13DDE2DF00EDC79D /* Testing */ = {
			isa = XCBuildConfiguration;
			buildSettings = {
				CLANG_ANALYZER_LOCALIZABILITY_NONLOCALIZED = YES;
				CLANG_WARN_BOOL_CONVERSION = YES;
				CLANG_WARN_CONSTANT_CONVERSION = YES;
				CLANG_WARN_EMPTY_BODY = YES;
				CLANG_WARN_ENUM_CONVERSION = YES;
				CLANG_WARN_INFINITE_RECURSION = YES;
				CLANG_WARN_INT_CONVERSION = YES;
				CLANG_WARN_SUSPICIOUS_MOVE = YES;
				CLANG_WARN_UNREACHABLE_CODE = YES;
				CLANG_WARN__DUPLICATE_METHOD_MATCH = YES;
				"CODE_SIGN_IDENTITY[sdk=iphoneos*]" = "iPhone Developer";
				ENABLE_STRICT_OBJC_MSGSEND = YES;
				GCC_C_LANGUAGE_STANDARD = c99;
				GCC_MODEL_TUNING = "";
				GCC_NO_COMMON_BLOCKS = YES;
				GCC_PREPROCESSOR_DEFINITIONS = NDEBUG;
				GCC_VERSION = com.apple.compilers.llvm.clang.1_0;
				GCC_WARN_64_TO_32_BIT_CONVERSION = YES;
				GCC_WARN_ABOUT_RETURN_TYPE = YES;
				GCC_WARN_UNDECLARED_SELECTOR = YES;
				GCC_WARN_UNINITIALIZED_AUTOS = YES;
				GCC_WARN_UNUSED_FUNCTION = YES;
				GCC_WARN_UNUSED_VARIABLE = YES;
				IPHONEOS_DEPLOYMENT_TARGET = 8.0;
				OTHER_CFLAGS = "-DNS_BLOCK_ASSERTIONS=1";
				SDKROOT = iphoneos;
				TARGETED_DEVICE_FAMILY = "1,2";
			};
			name = Testing;
		};
		458529CF13DDE2DF00EDC79D /* Testing */ = {
			isa = XCBuildConfiguration;
			buildSettings = {
				ALWAYS_SEARCH_USER_PATHS = NO;
				CLANG_ENABLE_OBJC_ARC = YES;
				COPY_PHASE_STRIP = YES;
				DEVELOPMENT_TEAM = X62ZR3B9UC;
				GCC_PRECOMPILE_PREFIX_HEADER = YES;
				GCC_PREFIX_HEADER = "Reader-Prefix.pch";
				INFOPLIST_FILE = "Reader-Info.plist";
				PRODUCT_BUNDLE_IDENTIFIER = "com.example.${PRODUCT_NAME:rfc1034identifier}";
				PRODUCT_NAME = Reader;
			};
			name = Testing;
		};
		BB5132221E68364E002E8CF9 /* Debug */ = {
			isa = XCBuildConfiguration;
			buildSettings = {
				ALWAYS_SEARCH_USER_PATHS = NO;
				CLANG_ANALYZER_NONNULL = YES;
				CLANG_CXX_LANGUAGE_STANDARD = "gnu++0x";
				CLANG_CXX_LIBRARY = "libc++";
				CLANG_ENABLE_MODULES = YES;
				CLANG_ENABLE_OBJC_ARC = YES;
				CLANG_WARN_DIRECT_OBJC_ISA_USAGE = YES_ERROR;
				CLANG_WARN_DOCUMENTATION_COMMENTS = YES;
				CLANG_WARN_OBJC_ROOT_CLASS = YES_ERROR;
				COPY_PHASE_STRIP = NO;
				DEBUG_INFORMATION_FORMAT = dwarf;
				DEVELOPMENT_TEAM = X62ZR3B9UC;
				GCC_C_LANGUAGE_STANDARD = gnu99;
				GCC_DYNAMIC_NO_PIC = NO;
				GCC_OPTIMIZATION_LEVEL = s;
				GCC_PREPROCESSOR_DEFINITIONS = (
					"DEBUG=1",
					"$(inherited)",
				);
				GCC_WARN_ABOUT_RETURN_TYPE = YES_ERROR;
				GCC_WARN_UNINITIALIZED_AUTOS = YES_AGGRESSIVE;
				IPHONEOS_DEPLOYMENT_TARGET = 10.2;
				MTL_ENABLE_DEBUG_INFO = YES;
				ONLY_ACTIVE_ARCH = NO;
				OTHER_LDFLAGS = "-ObjC";
				PRODUCT_NAME = "$(TARGET_NAME)";
				SKIP_INSTALL = YES;
			};
			name = Debug;
		};
		BB5132231E68364E002E8CF9 /* Testing */ = {
			isa = XCBuildConfiguration;
			buildSettings = {
				ALWAYS_SEARCH_USER_PATHS = NO;
				CLANG_ANALYZER_NONNULL = YES;
				CLANG_CXX_LANGUAGE_STANDARD = "gnu++0x";
				CLANG_CXX_LIBRARY = "libc++";
				CLANG_ENABLE_MODULES = YES;
				CLANG_ENABLE_OBJC_ARC = YES;
				CLANG_WARN_DIRECT_OBJC_ISA_USAGE = YES_ERROR;
				CLANG_WARN_DOCUMENTATION_COMMENTS = YES;
				CLANG_WARN_OBJC_ROOT_CLASS = YES_ERROR;
				COPY_PHASE_STRIP = NO;
				DEBUG_INFORMATION_FORMAT = "dwarf-with-dsym";
				DEVELOPMENT_TEAM = X62ZR3B9UC;
				ENABLE_NS_ASSERTIONS = NO;
				GCC_C_LANGUAGE_STANDARD = gnu99;
				GCC_WARN_ABOUT_RETURN_TYPE = YES_ERROR;
				GCC_WARN_UNINITIALIZED_AUTOS = YES_AGGRESSIVE;
				IPHONEOS_DEPLOYMENT_TARGET = 10.2;
				MTL_ENABLE_DEBUG_INFO = NO;
				OTHER_LDFLAGS = "-ObjC";
				PRODUCT_NAME = "$(TARGET_NAME)";
				SKIP_INSTALL = YES;
				VALIDATE_PRODUCT = YES;
			};
			name = Testing;
		};
		BB5132241E68364E002E8CF9 /* Release */ = {
			isa = XCBuildConfiguration;
			buildSettings = {
				ALWAYS_SEARCH_USER_PATHS = NO;
				CLANG_ANALYZER_NONNULL = YES;
				CLANG_CXX_LANGUAGE_STANDARD = "gnu++0x";
				CLANG_CXX_LIBRARY = "libc++";
				CLANG_ENABLE_MODULES = YES;
				CLANG_ENABLE_OBJC_ARC = YES;
				CLANG_WARN_DIRECT_OBJC_ISA_USAGE = YES_ERROR;
				CLANG_WARN_DOCUMENTATION_COMMENTS = YES;
				CLANG_WARN_OBJC_ROOT_CLASS = YES_ERROR;
				COPY_PHASE_STRIP = NO;
				DEBUG_INFORMATION_FORMAT = "dwarf-with-dsym";
				DEVELOPMENT_TEAM = X62ZR3B9UC;
				ENABLE_NS_ASSERTIONS = NO;
				GCC_C_LANGUAGE_STANDARD = gnu99;
				GCC_WARN_ABOUT_RETURN_TYPE = YES_ERROR;
				GCC_WARN_UNINITIALIZED_AUTOS = YES_AGGRESSIVE;
				IPHONEOS_DEPLOYMENT_TARGET = 10.2;
				MTL_ENABLE_DEBUG_INFO = NO;
				OTHER_LDFLAGS = "-ObjC";
				PRODUCT_NAME = "$(TARGET_NAME)";
				SKIP_INSTALL = YES;
				VALIDATE_PRODUCT = YES;
			};
			name = Release;
		};
		C01FCF4F08A954540054247B /* Debug */ = {
			isa = XCBuildConfiguration;
			buildSettings = {
				CLANG_ANALYZER_LOCALIZABILITY_NONLOCALIZED = YES;
				CLANG_WARN_BOOL_CONVERSION = YES;
				CLANG_WARN_CONSTANT_CONVERSION = YES;
				CLANG_WARN_EMPTY_BODY = YES;
				CLANG_WARN_ENUM_CONVERSION = YES;
				CLANG_WARN_INFINITE_RECURSION = YES;
				CLANG_WARN_INT_CONVERSION = YES;
				CLANG_WARN_SUSPICIOUS_MOVE = YES;
				CLANG_WARN_UNREACHABLE_CODE = YES;
				CLANG_WARN__DUPLICATE_METHOD_MATCH = YES;
				"CODE_SIGN_IDENTITY[sdk=iphoneos*]" = "iPhone Developer";
				ENABLE_STRICT_OBJC_MSGSEND = YES;
				ENABLE_TESTABILITY = YES;
				GCC_C_LANGUAGE_STANDARD = c99;
				GCC_MODEL_TUNING = "";
				GCC_NO_COMMON_BLOCKS = YES;
				GCC_PREPROCESSOR_DEFINITIONS = DEBUG;
				GCC_VERSION = com.apple.compilers.llvm.clang.1_0;
				GCC_WARN_64_TO_32_BIT_CONVERSION = YES;
				GCC_WARN_ABOUT_RETURN_TYPE = YES;
				GCC_WARN_UNDECLARED_SELECTOR = YES;
				GCC_WARN_UNINITIALIZED_AUTOS = YES;
				GCC_WARN_UNUSED_FUNCTION = YES;
				GCC_WARN_UNUSED_VARIABLE = YES;
				IPHONEOS_DEPLOYMENT_TARGET = 8.0;
				ONLY_ACTIVE_ARCH = YES;
				SDKROOT = iphoneos;
				TARGETED_DEVICE_FAMILY = "1,2";
			};
			name = Debug;
		};
		C01FCF5008A954540054247B /* Release */ = {
			isa = XCBuildConfiguration;
			buildSettings = {
				CLANG_ANALYZER_LOCALIZABILITY_NONLOCALIZED = YES;
				CLANG_WARN_BOOL_CONVERSION = YES;
				CLANG_WARN_CONSTANT_CONVERSION = YES;
				CLANG_WARN_EMPTY_BODY = YES;
				CLANG_WARN_ENUM_CONVERSION = YES;
				CLANG_WARN_INFINITE_RECURSION = YES;
				CLANG_WARN_INT_CONVERSION = YES;
				CLANG_WARN_SUSPICIOUS_MOVE = YES;
				CLANG_WARN_UNREACHABLE_CODE = YES;
				CLANG_WARN__DUPLICATE_METHOD_MATCH = YES;
				"CODE_SIGN_IDENTITY[sdk=iphoneos*]" = "iPhone Developer";
				ENABLE_STRICT_OBJC_MSGSEND = YES;
				GCC_C_LANGUAGE_STANDARD = c99;
				GCC_MODEL_TUNING = "";
				GCC_NO_COMMON_BLOCKS = YES;
				GCC_PREPROCESSOR_DEFINITIONS = NDEBUG;
				GCC_VERSION = com.apple.compilers.llvm.clang.1_0;
				GCC_WARN_64_TO_32_BIT_CONVERSION = YES;
				GCC_WARN_ABOUT_RETURN_TYPE = YES;
				GCC_WARN_UNDECLARED_SELECTOR = YES;
				GCC_WARN_UNINITIALIZED_AUTOS = YES;
				GCC_WARN_UNUSED_FUNCTION = YES;
				GCC_WARN_UNUSED_VARIABLE = YES;
				IPHONEOS_DEPLOYMENT_TARGET = 8.0;
				OTHER_CFLAGS = "-DNS_BLOCK_ASSERTIONS=1";
				SDKROOT = iphoneos;
				TARGETED_DEVICE_FAMILY = "1,2";
			};
			name = Release;
		};
/* End XCBuildConfiguration section */

/* Begin XCConfigurationList section */
		1D6058960D05DD3E006BFB54 /* Build configuration list for PBXNativeTarget "Reader" */ = {
			isa = XCConfigurationList;
			buildConfigurations = (
				1D6058940D05DD3E006BFB54 /* Debug */,
				458529CF13DDE2DF00EDC79D /* Testing */,
				1D6058950D05DD3E006BFB54 /* Release */,
			);
			defaultConfigurationIsVisible = 0;
			defaultConfigurationName = Release;
		};
		BB5132211E68364E002E8CF9 /* Build configuration list for PBXNativeTarget "pdfReader" */ = {
			isa = XCConfigurationList;
			buildConfigurations = (
				BB5132221E68364E002E8CF9 /* Debug */,
				BB5132231E68364E002E8CF9 /* Testing */,
				BB5132241E68364E002E8CF9 /* Release */,
			);
			defaultConfigurationIsVisible = 0;
			defaultConfigurationName = Release;
		};
		C01FCF4E08A954540054247B /* Build configuration list for PBXProject "Reader" */ = {
			isa = XCConfigurationList;
			buildConfigurations = (
				C01FCF4F08A954540054247B /* Debug */,
				458529CE13DDE2DF00EDC79D /* Testing */,
				C01FCF5008A954540054247B /* Release */,
			);
			defaultConfigurationIsVisible = 0;
			defaultConfigurationName = Release;
		};
/* End XCConfigurationList section */
	};
	rootObject = 29B97313FDCFA39411CA2CEA /* Project object */;
}
